{
  "version": 4,
  "terraform_version": "1.13.0",
  "serial": 11,
  "lineage": "d0852082-76b4-9b72-5b19-868b68dcef5e",
  "outputs": {},
  "resources": [
    {
      "mode": "managed",
      "type": "local_file",
      "name": "my_file",
      "provider": "provider[\"registry.terraform.io/hashicorp/local\"]",
      "instances": [
        {
          "schema_version": 0,
          "attributes": {
            "content": "First file created with Terraform",
            "content_base64": null,
            "content_base64sha256": "OAjf0xysBDsFDSwlph4t3tMo72PW4yFFz44PXYAKvxY=",
            "content_base64sha512": "febJqLBO3M8FNQkg97LT3bLizW+EkLn0DWGdFN9A6aFg9B8uHagULZCv6q9K6gWKm8stxAch26x6HaIkh5NE7Q==",
            "content_md5": "b185b7687d085dbb34a69b06b5bfd3a7",
            "content_sha1": "186ee062e58155b05f30d8679fc8153d0774df1f",
            "content_sha256": "3808dfd31cac043b050d2c25a61e2dded328ef63d6e32145cf8e0f5d800abf16",
            "content_sha512": "7de6c9a8b04edccf05350920f7b2d3ddb2e2cd6f8490b9f40d619d14df40e9a160f41f2e1da8142d90afeaaf4aea058a9bcb2dc40721dbac7a1da224879344ed",
            "directory_permission": "0777",
            "file_permission": "0777",
            "filename": "example.txt",
            "id": "186ee062e58155b05f30d8679fc8153d0774df1f",
            "sensitive_content": null,
            "source": null
          },
          "sensitive_attributes": [
            [
              {
                "type": "get_attr",
                "value": "sensitive_content"
              }
            ]
          ],
          "identity_schema_version": 0
        }
      ]
    }
  ],
  "check_results": null
}
